
Microsoft Visual Studio Solution File, Format Version 12.00
# Visual Studio Version 17
VisualStudioVersion = 17.4.33213.308
MinimumVisualStudioVersion = 10.0.40219.1
Project("{9A19103F-16F7-4668-BE54-9A1E7A4F7556}") = "Bioscoop.Web", "Bioscoop.Web\Bioscoop.Web.csproj", "{B7086D94-3BB9-4922-A8E7-36DF8E5D52B1}"
EndProject
Project("{9A19103F-16F7-4668-BE54-9A1E7A4F7556}") = "Bioscoop.Api", "Bioscoop.Api\Bioscoop.Api.csproj", "{E3357869-7671-4137-AEDC-8617645CC2B1}"
EndProject
Project("{9A19103F-16F7-4668-BE54-9A1E7A4F7556}") = "Bioscoop.Models", "Bioscoop.Models\Bioscoop.Models.csproj", "{457E915F-ACA8-4BEA-8C85-BC2F3D006C10}"
EndProject
Global
	GlobalSection(SolutionConfigurationPlatforms) = preSolution
		Debug|Any CPU = Debug|Any CPU
		Release|Any CPU = Release|Any CPU
	EndGlobalSection
	GlobalSection(ProjectConfigurationPlatforms) = postSolution
		{B7086D94-3BB9-4922-A8E7-36DF8E5D52B1}.Debug|Any CPU.ActiveCfg = Debug|Any CPU
		{B7086D94-3BB9-4922-A8E7-36DF8E5D52B1}.Debug|Any CPU.Build.0 = Debug|Any CPU
		{B7086D94-3BB9-4922-A8E7-36DF8E5D52B1}.Release|Any CPU.ActiveCfg = Release|Any CPU
		{B7086D94-3BB9-4922-A8E7-36DF8E5D52B1}.Release|Any CPU.Build.0 = Release|Any CPU
		{E3357869-7671-4137-AEDC-8617645CC2B1}.Debug|Any CPU.ActiveCfg = Debug|Any CPU
		{E3357869-7671-4137-AEDC-8617645CC2B1}.Debug|Any CPU.Build.0 = Debug|Any CPU
		{E3357869-7671-4137-AEDC-8617645CC2B1}.Release|Any CPU.ActiveCfg = Release|Any CPU
		{E3357869-7671-4137-AEDC-8617645CC2B1}.Release|Any CPU.Build.0 = Release|Any CPU
		{457E915F-ACA8-4BEA-8C85-BC2F3D006C10}.Debug|Any CPU.ActiveCfg = Debug|Any CPU
		{457E915F-ACA8-4BEA-8C85-BC2F3D006C10}.Debug|Any CPU.Build.0 = Debug|Any CPU
		{457E915F-ACA8-4BEA-8C85-BC2F3D006C10}.Release|Any CPU.ActiveCfg = Release|Any CPU
		{457E915F-ACA8-4BEA-8C85-BC2F3D006C10}.Release|Any CPU.Build.0 = Release|Any CPU
	EndGlobalSection
	GlobalSection(SolutionProperties) = preSolution
		HideSolutionNode = FALSE
	EndGlobalSection
	GlobalSection(ExtensibilityGlobals) = postSolution
		SolutionGuid = {3386F216-591A-4DC0-A905-39D710942DFB}
	EndGlobalSection
EndGlobal
